{
  "requires": true,
  "lockfileVersion": 1,
  "dependencies": {
    "@ionic-native/paypal": {
      "version": "4.17.0",
      "resolved": "https://registry.npmjs.org/@ionic-native/paypal/-/paypal-4.17.0.tgz",
      "integrity": "sha512-9nNGZJmqc9XU/LHc859T+CzUE+SPWd6LrNBHN5m0O2eV3gHTDeWwNivtL+xsPgraTdzzkG8aSReAPJIkZIlKRA=="
    }
  }
}
